Microsoft Visual Studio Solution File, Format Version 12.00
# Visual Studio Version 17
VisualStudioVersion = 17.5.2.0
MinimumVisualStudioVersion = 10.0.40219.1
Project("{2150E333-8FDC-42A3-9474-1A3956D46DE8}") = "workspace", "workspace", "{5A457842-FB45-8F1D-F7AD-AB94A1461D60}"
EndProject
Project("{2150E333-8FDC-42A3-9474-1A3956D46DE8}") = "src", "src", "{F2B86B5E-36F9-972E-8C7C-EEACCC540667}"
EndProject
Project("{FAE04EC0-301F-11D3-BF4B-00C04F79EFBC}") = "Library.ApplicationCore", "workspace\src\Library.ApplicationCore\Library.ApplicationCore.csproj", "{CA5CC508-D0C5-3727-EC6C-65B409DEC1DA}"
EndProject
Project("{FAE04EC0-301F-11D3-BF4B-00C04F79EFBC}") = "Library.Console", "workspace\src\Library.Console\Library.Console.csproj", "{D601F06C-3FC9-B28F-A8D6-7B552281E930}"
EndProject
Project("{FAE04EC0-301F-11D3-BF4B-00C04F79EFBC}") = "Library.Infrastructure", "workspace\src\Library.Infrastructure\Library.Infrastructure.csproj", "{CF3AD82B-7B66-611E-B3B8-BCF8D412E543}"
EndProject
Project("{2150E333-8FDC-42A3-9474-1A3956D46DE8}") = "tests", "tests", "{40DC90CF-D783-67C6-2D76-83F62F8544D6}"
EndProject
Project("{FAE04EC0-301F-11D3-BF4B-00C04F79EFBC}") = "UnitTests", "workspace\tests\UnitTests\UnitTests.csproj", "{DDEA6862-FEE2-6ACB-962E-CBFC239F378E}"
EndProject
Global
	GlobalSection(SolutionConfigurationPlatforms) = preSolution
		Debug|Any CPU = Debug|Any CPU
		Release|Any CPU = Release|Any CPU
	EndGlobalSection
	GlobalSection(ProjectConfigurationPlatforms) = postSolution
		{CA5CC508-D0C5-3727-EC6C-65B409DEC1DA}.Debug|Any CPU.ActiveCfg = Debug|Any CPU
		{CA5CC508-D0C5-3727-EC6C-65B409DEC1DA}.Debug|Any CPU.Build.0 = Debug|Any CPU
		{CA5CC508-D0C5-3727-EC6C-65B409DEC1DA}.Release|Any CPU.ActiveCfg = Release|Any CPU
		{CA5CC508-D0C5-3727-EC6C-65B409DEC1DA}.Release|Any CPU.Build.0 = Release|Any CPU
		{D601F06C-3FC9-B28F-A8D6-7B552281E930}.Debug|Any CPU.ActiveCfg = Debug|Any CPU
		{D601F06C-3FC9-B28F-A8D6-7B552281E930}.Debug|Any CPU.Build.0 = Debug|Any CPU
		{D601F06C-3FC9-B28F-A8D6-7B552281E930}.Release|Any CPU.ActiveCfg = Release|Any CPU
		{D601F06C-3FC9-B28F-A8D6-7B552281E930}.Release|Any CPU.Build.0 = Release|Any CPU
		{CF3AD82B-7B66-611E-B3B8-BCF8D412E543}.Debug|Any CPU.ActiveCfg = Debug|Any CPU
		{CF3AD82B-7B66-611E-B3B8-BCF8D412E543}.Debug|Any CPU.Build.0 = Debug|Any CPU
		{CF3AD82B-7B66-611E-B3B8-BCF8D412E543}.Release|Any CPU.ActiveCfg = Release|Any CPU
		{CF3AD82B-7B66-611E-B3B8-BCF8D412E543}.Release|Any CPU.Build.0 = Release|Any CPU
		{DDEA6862-FEE2-6ACB-962E-CBFC239F378E}.Debug|Any CPU.ActiveCfg = Debug|Any CPU
		{DDEA6862-FEE2-6ACB-962E-CBFC239F378E}.Debug|Any CPU.Build.0 = Debug|Any CPU
		{DDEA6862-FEE2-6ACB-962E-CBFC239F378E}.Release|Any CPU.ActiveCfg = Release|Any CPU
		{DDEA6862-FEE2-6ACB-962E-CBFC239F378E}.Release|Any CPU.Build.0 = Release|Any CPU
	EndGlobalSection
	GlobalSection(SolutionProperties) = preSolution
		HideSolutionNode = FALSE
	EndGlobalSection
	GlobalSection(NestedProjects) = preSolution
		{F2B86B5E-36F9-972E-8C7C-EEACCC540667} = {5A457842-FB45-8F1D-F7AD-AB94A1461D60}
		{CA5CC508-D0C5-3727-EC6C-65B409DEC1DA} = {F2B86B5E-36F9-972E-8C7C-EEACCC540667}
		{D601F06C-3FC9-B28F-A8D6-7B552281E930} = {F2B86B5E-36F9-972E-8C7C-EEACCC540667}
		{CF3AD82B-7B66-611E-B3B8-BCF8D412E543} = {F2B86B5E-36F9-972E-8C7C-EEACCC540667}
		{40DC90CF-D783-67C6-2D76-83F62F8544D6} = {5A457842-FB45-8F1D-F7AD-AB94A1461D60}
		{DDEA6862-FEE2-6ACB-962E-CBFC239F378E} = {40DC90CF-D783-67C6-2D76-83F62F8544D6}
	EndGlobalSection
	GlobalSection(ExtensibilityGlobals) = postSolution
		SolutionGuid = {A4075B69-3D0C-49D3-B854-97F795F20E9E}
	EndGlobalSection
EndGlobal
